{
  "lib/forge-std": {
    "tag": {
      "name": "v1.14.0",
      "rev": "1801b0541f4fda118a10798fd3486bb7051c5dd6"
    }
  },
  "lib/openzeppelin-contracts": {
    "tag": {
      "name": "v5.5.0",
      "rev": "fcbae5394ae8ad52d8e580a3477db99814b9d565"
    }
  },
  "lib/poseidon-solidity": {
    "tag": {
      "name": "v0.0.5",
      "rev": "8205c97ec4a35a9adb854b70b2c9ba92668d1304"
    }
  }
}